# This file is automatically @generated by Cargo.
# It is not intended for manual editing.
version = 3

[[package]]
name = "point"
version = "0.1.0"
source = "git+https://github.com/G1Radiobot/point#fc7cb4d065bf1248df0ec69cb46291fe94f60c37"

[[package]]
name = "worm_search"
version = "0.1.0"
dependencies = [
 "point",
]
